// !$*UTF8*$!
{
	archiveVersion = 1;
	classes = {
	};
	objectVersion = 56;
	objects = {

/* Begin PBXBuildFile section */
		48010CFE2BC5856B00A8468C /* ExampleApp.swift in Sources */ = {isa = PBXBuildFile; fileRef = 48010CFD2BC5856B00A8468C /* ExampleApp.swift */; };
		48010D002BC5856B00A8468C /* SignInView.swift in Sources */ = {isa = PBXBuildFile; fileRef = 48010CFF2BC5856B00A8468C /* SignInView.swift */; };
		48010D022BC5856C00A8468C /* Assets.xcassets in Resources */ = {isa = PBXBuildFile; fileRef = 48010D012BC5856C00A8468C /* Assets.xcassets */; };
		48010D052BC5856C00A8468C /* Preview Assets.xcassets in Resources */ = {isa = PBXBuildFile; fileRef = 48010D042BC5856C00A8468C /* Preview Assets.xcassets */; };
		4859EBF22BD1501B005653D4 /* Cover.swift in Sources */ = {isa = PBXBuildFile; fileRef = 4859EBF12BD1501B005653D4 /* Cover.swift */; };
		4859EBF42BD7BFF7005653D4 /* BookDetailView.swift in Sources */ = {isa = PBXBuildFile; fileRef = 4859EBF32BD7BFF7005653D4 /* BookDetailView.swift */; };
		4859EBF72BD7C023005653D4 /* Client.swift in Sources */ = {isa = PBXBuildFile; fileRef = 4859EBF62BD7C023005653D4 /* Client.swift */; };
		4859EBF92BD7C02B005653D4 /* IsPreview.swift in Sources */ = {isa = PBXBuildFile; fileRef = 4859EBF82BD7C02B005653D4 /* IsPreview.swift */; };
		4859EBFB2BD7C098005653D4 /* ServerInfo.swift in Sources */ = {isa = PBXBuildFile; fileRef = 4859EBFA2BD7C098005653D4 /* ServerInfo.swift */; };
		4859EBFD2BD91BCE005653D4 /* library_item.json in Resources */ = {isa = PBXBuildFile; fileRef = 4859EBFC2BD91BCE005653D4 /* library_item.json */; };
		48D6E9CA2BC58BEB00DC58FD /* ExamplePackage in Frameworks */ = {isa = PBXBuildFile; productRef = 48D6E9C92BC58BEB00DC58FD /* ExamplePackage */; };
		48D6E9CC2BC82CAC00DC58FD /* LibrariesView.swift in Sources */ = {isa = PBXBuildFile; fileRef = 48D6E9CB2BC82CAC00DC58FD /* LibrariesView.swift */; };
		48D6E9CE2BC82EEB00DC58FD /* Router.swift in Sources */ = {isa = PBXBuildFile; fileRef = 48D6E9CD2BC82EEB00DC58FD /* Router.swift */; };
		48D6E9D62BCFFDB900DC58FD /* LibraryView.swift in Sources */ = {isa = PBXBuildFile; fileRef = 48D6E9D52BCFFDB900DC58FD /* LibraryView.swift */; };
		48D6E9DC2BD0022800DC58FD /* library_items.json in Resources */ = {isa = PBXBuildFile; fileRef = 48D6E9DB2BD0022800DC58FD /* library_items.json */; };
/* End PBXBuildFile section */

/* Begin PBXFileReference section */
		48010CFA2BC5856B00A8468C /* Example.app */ = {isa = PBXFileReference; explicitFileType = wrapper.application; includeInIndex = 0; path = Example.app; sourceTree = BUILT_PRODUCTS_DIR; };
		48010CFD2BC5856B00A8468C /* ExampleApp.swift */ = {isa = PBXFileReference; lastKnownFileType = sourcecode.swift; path = ExampleApp.swift; sourceTree = "<group>"; };
		48010CFF2BC5856B00A8468C /* SignInView.swift */ = {isa = PBXFileReference; lastKnownFileType = sourcecode.swift; path = SignInView.swift; sourceTree = "<group>"; };
		48010D012BC5856C00A8468C /* Assets.xcassets */ = {isa = PBXFileReference; lastKnownFileType = folder.assetcatalog; path = Assets.xcassets; sourceTree = "<group>"; };
		48010D042BC5856C00A8468C /* Preview Assets.xcassets */ = {isa = PBXFileReference; lastKnownFileType = folder.assetcatalog; path = "Preview Assets.xcassets"; sourceTree = "<group>"; };
		48010D0C2BC589A000A8468C /* ExamplePackage */ = {isa = PBXFileReference; lastKnownFileType = wrapper; path = ExamplePackage; sourceTree = "<group>"; };
		4859EBF12BD1501B005653D4 /* Cover.swift */ = {isa = PBXFileReference; lastKnownFileType = sourcecode.swift; path = Cover.swift; sourceTree = "<group>"; };
		4859EBF32BD7BFF7005653D4 /* BookDetailView.swift */ = {isa = PBXFileReference; lastKnownFileType = sourcecode.swift; path = BookDetailView.swift; sourceTree = "<group>"; };
		4859EBF62BD7C023005653D4 /* Client.swift */ = {isa = PBXFileReference; lastKnownFileType = sourcecode.swift; path = Client.swift; sourceTree = "<group>"; };
		4859EBF82BD7C02B005653D4 /* IsPreview.swift */ = {isa = PBXFileReference; lastKnownFileType = sourcecode.swift; path = IsPreview.swift; sourceTree = "<group>"; };
		4859EBFA2BD7C098005653D4 /* ServerInfo.swift */ = {isa = PBXFileReference; lastKnownFileType = sourcecode.swift; path = ServerInfo.swift; sourceTree = "<group>"; };
		4859EBFC2BD91BCE005653D4 /* library_item.json */ = {isa = PBXFileReference; lastKnownFileType = text.json; path = library_item.json; sourceTree = "<group>"; };
		48D6E9CB2BC82CAC00DC58FD /* LibrariesView.swift */ = {isa = PBXFileReference; lastKnownFileType = sourcecode.swift; path = LibrariesView.swift; sourceTree = "<group>"; };
		48D6E9CD2BC82EEB00DC58FD /* Router.swift */ = {isa = PBXFileReference; lastKnownFileType = sourcecode.swift; path = Router.swift; sourceTree = "<group>"; };
		48D6E9D52BCFFDB900DC58FD /* LibraryView.swift */ = {isa = PBXFileReference; lastKnownFileType = sourcecode.swift; path = LibraryView.swift; sourceTree = "<group>"; };
		48D6E9DB2BD0022800DC58FD /* library_items.json */ = {isa = PBXFileReference; lastKnownFileType = text.json; path = library_items.json; sourceTree = "<group>"; };
/* End PBXFileReference section */

/* Begin PBXFrameworksBuildPhase section */
		48010CF72BC5856B00A8468C /* Frameworks */ = {
			isa = PBXFrameworksBuildPhase;
			buildActionMask = 2147483647;
			files = (
				48D6E9CA2BC58BEB00DC58FD /* ExamplePackage in Frameworks */,
			);
			runOnlyForDeploymentPostprocessing = 0;
		};
/* End PBXFrameworksBuildPhase section */

/* Begin PBXGroup section */
		48010CF12BC5856B00A8468C = {
			isa = PBXGroup;
			children = (
				48010D0C2BC589A000A8468C /* ExamplePackage */,
				48010CFC2BC5856B00A8468C /* Example */,
				48010CFB2BC5856B00A8468C /* Products */,
				48D6E9C82BC58BEB00DC58FD /* Frameworks */,
			);
			sourceTree = "<group>";
		};
		48010CFB2BC5856B00A8468C /* Products */ = {
			isa = PBXGroup;
			children = (
				48010CFA2BC5856B00A8468C /* Example.app */,
			);
			name = Products;
			sourceTree = "<group>";
		};
		48010CFC2BC5856B00A8468C /* Example */ = {
			isa = PBXGroup;
			children = (
				4859EBF52BD7C012005653D4 /* Environment */,
				4859EBEF2BD14FF7005653D4 /* Views */,
				48010CFD2BC5856B00A8468C /* ExampleApp.swift */,
				48010D012BC5856C00A8468C /* Assets.xcassets */,
				48010D032BC5856C00A8468C /* Preview Content */,
				48D6E9CD2BC82EEB00DC58FD /* Router.swift */,
			);
			path = Example;
			sourceTree = "<group>";
		};
		48010D032BC5856C00A8468C /* Preview Content */ = {
			isa = PBXGroup;
			children = (
				48010D042BC5856C00A8468C /* Preview Assets.xcassets */,
				48D6E9DB2BD0022800DC58FD /* library_items.json */,
				4859EBFC2BD91BCE005653D4 /* library_item.json */,
			);
			path = "Preview Content";
			sourceTree = "<group>";
		};
		4859EBEF2BD14FF7005653D4 /* Views */ = {
			isa = PBXGroup;
			children = (
				4859EBF02BD15004005653D4 /* Misc */,
				48010CFF2BC5856B00A8468C /* SignInView.swift */,
				48D6E9CB2BC82CAC00DC58FD /* LibrariesView.swift */,
				48D6E9D52BCFFDB900DC58FD /* LibraryView.swift */,
				4859EBF32BD7BFF7005653D4 /* BookDetailView.swift */,
			);
			path = Views;
			sourceTree = "<group>";
		};
		4859EBF02BD15004005653D4 /* Misc */ = {
			isa = PBXGroup;
			children = (
				4859EBF12BD1501B005653D4 /* Cover.swift */,
			);
			path = Misc;
			sourceTree = "<group>";
		};
		4859EBF52BD7C012005653D4 /* Environment */ = {
			isa = PBXGroup;
			children = (
				4859EBF62BD7C023005653D4 /* Client.swift */,
				4859EBF82BD7C02B005653D4 /* IsPreview.swift */,
				4859EBFA2BD7C098005653D4 /* ServerInfo.swift */,
			);
			path = Environment;
			sourceTree = "<group>";
		};
		48D6E9C82BC58BEB00DC58FD /* Frameworks */ = {
			isa = PBXGroup;
			children = (
			);
			name = Frameworks;
			sourceTree = "<group>";
		};
/* End PBXGroup section */

/* Begin PBXNativeTarget section */
		48010CF92BC5856B00A8468C /* Example */ = {
			isa = PBXNativeTarget;
			buildConfigurationList = 48010D082BC5856C00A8468C /* Build configuration list for PBXNativeTarget "Example" */;
			buildPhases = (
				48010CF62BC5856B00A8468C /* Sources */,
				48010CF72BC5856B00A8468C /* Frameworks */,
				48010CF82BC5856B00A8468C /* Resources */,
			);
			buildRules = (
			);
			dependencies = (
			);
			name = Example;
			packageProductDependencies = (
				48D6E9C92BC58BEB00DC58FD /* ExamplePackage */,
			);
			productName = Example;
			productReference = 48010CFA2BC5856B00A8468C /* Example.app */;
			productType = "com.apple.product-type.application";
		};
/* End PBXNativeTarget section */

/* Begin PBXProject section */
		48010CF22BC5856B00A8468C /* Project object */ = {
			isa = PBXProject;
			attributes = {
				BuildIndependentTargetsInParallel = 1;
				LastSwiftUpdateCheck = 1530;
				LastUpgradeCheck = 1530;
				TargetAttributes = {
					48010CF92BC5856B00A8468C = {
						CreatedOnToolsVersion = 15.3;
					};
				};
			};
			buildConfigurationList = 48010CF52BC5856B00A8468C /* Build configuration list for PBXProject "Example" */;
			compatibilityVersion = "Xcode 14.0";
			developmentRegion = en;
			hasScannedForEncodings = 0;
			knownRegions = (
				en,
				Base,
			);
			mainGroup = 48010CF12BC5856B00A8468C;
			productRefGroup = 48010CFB2BC5856B00A8468C /* Products */;
			projectDirPath = "";
			projectRoot = "";
			targets = (
				48010CF92BC5856B00A8468C /* Example */,
			);
		};
/* End PBXProject section */

/* Begin PBXResourcesBuildPhase section */
		48010CF82BC5856B00A8468C /* Resources */ = {
			isa = PBXResourcesBuildPhase;
			buildActionMask = 2147483647;
			files = (
				4859EBFD2BD91BCE005653D4 /* library_item.json in Resources */,
				48010D052BC5856C00A8468C /* Preview Assets.xcassets in Resources */,
				48010D022BC5856C00A8468C /* Assets.xcassets in Resources */,
				48D6E9DC2BD0022800DC58FD /* library_items.json in Resources */,
			);
			runOnlyForDeploymentPostprocessing = 0;
		};
/* End PBXResourcesBuildPhase section */

/* Begin PBXSourcesBuildPhase section */
		48010CF62BC5856B00A8468C /* Sources */ = {
			isa = PBXSourcesBuildPhase;
			buildActionMask = 2147483647;
			files = (
				48D6E9CE2BC82EEB00DC58FD /* Router.swift in Sources */,
				4859EBF22BD1501B005653D4 /* Cover.swift in Sources */,
				48D6E9CC2BC82CAC00DC58FD /* LibrariesView.swift in Sources */,
				4859EBF92BD7C02B005653D4 /* IsPreview.swift in Sources */,
				4859EBFB2BD7C098005653D4 /* ServerInfo.swift in Sources */,
				48D6E9D62BCFFDB900DC58FD /* LibraryView.swift in Sources */,
				48010D002BC5856B00A8468C /* SignInView.swift in Sources */,
				4859EBF42BD7BFF7005653D4 /* BookDetailView.swift in Sources */,
				4859EBF72BD7C023005653D4 /* Client.swift in Sources */,
				48010CFE2BC5856B00A8468C /* ExampleApp.swift in Sources */,
			);
			runOnlyForDeploymentPostprocessing = 0;
		};
/* End PBXSourcesBuildPhase section */

/* Begin XCBuildConfiguration section */
		48010D062BC5856C00A8468C /* Debug */ = {
			isa = XCBuildConfiguration;
			buildSettings = {
				ALWAYS_SEARCH_USER_PATHS = NO;
				ASSETCATALOG_COMPILER_GENERATE_SWIFT_ASSET_SYMBOL_EXTENSIONS = YES;
				CLANG_ANALYZER_NONNULL = YES;
				CLANG_ANALYZER_NUMBER_OBJECT_CONVERSION = YES_AGGRESSIVE;
				CLANG_CXX_LANGUAGE_STANDARD = "gnu++20";
				CLANG_ENABLE_MODULES = YES;
				CLANG_ENABLE_OBJC_ARC = YES;
				CLANG_ENABLE_OBJC_WEAK = YES;
				CLANG_WARN_BLOCK_CAPTURE_AUTORELEASING = YES;
				CLANG_WARN_BOOL_CONVERSION = YES;
				CLANG_WARN_COMMA = YES;
				CLANG_WARN_CONSTANT_CONVERSION = YES;
				CLANG_WARN_DEPRECATED_OBJC_IMPLEMENTATIONS = YES;
				CLANG_WARN_DIRECT_OBJC_ISA_USAGE = YES_ERROR;
				CLANG_WARN_DOCUMENTATION_COMMENTS = YES;
				CLANG_WARN_EMPTY_BODY = YES;
				CLANG_WARN_ENUM_CONVERSION = YES;
				CLANG_WARN_INFINITE_RECURSION = YES;
				CLANG_WARN_INT_CONVERSION = YES;
				CLANG_WARN_NON_LITERAL_NULL_CONVERSION = YES;
				CLANG_WARN_OBJC_IMPLICIT_RETAIN_SELF = YES;
				CLANG_WARN_OBJC_LITERAL_CONVERSION = YES;
				CLANG_WARN_OBJC_ROOT_CLASS = YES_ERROR;
				CLANG_WARN_QUOTED_INCLUDE_IN_FRAMEWORK_HEADER = YES;
				CLANG_WARN_RANGE_LOOP_ANALYSIS = YES;
				CLANG_WARN_STRICT_PROTOTYPES = YES;
				CLANG_WARN_SUSPICIOUS_MOVE = YES;
				CLANG_WARN_UNGUARDED_AVAILABILITY = YES_AGGRESSIVE;
				CLANG_WARN_UNREACHABLE_CODE = YES;
				CLANG_WARN__DUPLICATE_METHOD_MATCH = YES;
				COPY_PHASE_STRIP = NO;
				DEBUG_INFORMATION_FORMAT = dwarf;
				ENABLE_STRICT_OBJC_MSGSEND = YES;
				ENABLE_TESTABILITY = YES;
				ENABLE_USER_SCRIPT_SANDBOXING = YES;
				GCC_C_LANGUAGE_STANDARD = gnu17;
				GCC_DYNAMIC_NO_PIC = NO;
				GCC_NO_COMMON_BLOCKS = YES;
				GCC_OPTIMIZATION_LEVEL = 0;
				GCC_PREPROCESSOR_DEFINITIONS = (
					"DEBUG=1",
					"$(inherited)",
				);
				GCC_WARN_64_TO_32_BIT_CONVERSION = YES;
				GCC_WARN_ABOUT_RETURN_TYPE = YES_ERROR;
				GCC_WARN_UNDECLARED_SELECTOR = YES;
				GCC_WARN_UNINITIALIZED_AUTOS = YES_AGGRESSIVE;
				GCC_WARN_UNUSED_FUNCTION = YES;
				GCC_WARN_UNUSED_VARIABLE = YES;
				IPHONEOS_DEPLOYMENT_TARGET = 17.4;
				LOCALIZATION_PREFERS_STRING_CATALOGS = YES;
				MTL_ENABLE_DEBUG_INFO = INCLUDE_SOURCE;
				MTL_FAST_MATH = YES;
				ONLY_ACTIVE_ARCH = YES;
				SDKROOT = iphoneos;
				SWIFT_ACTIVE_COMPILATION_CONDITIONS = "DEBUG $(inherited)";
				SWIFT_OPTIMIZATION_LEVEL = "-Onone";
			};
			name = Debug;
		};
		48010D072BC5856C00A8468C /* Release */ = {
			isa = XCBuildConfiguration;
			buildSettings = {
				ALWAYS_SEARCH_USER_PATHS = NO;
				ASSETCATALOG_COMPILER_GENERATE_SWIFT_ASSET_SYMBOL_EXTENSIONS = YES;
				CLANG_ANALYZER_NONNULL = YES;
				CLANG_ANALYZER_NUMBER_OBJECT_CONVERSION = YES_AGGRESSIVE;
				CLANG_CXX_LANGUAGE_STANDARD = "gnu++20";
				CLANG_ENABLE_MODULES = YES;
				CLANG_ENABLE_OBJC_ARC = YES;
				CLANG_ENABLE_OBJC_WEAK = YES;
				CLANG_WARN_BLOCK_CAPTURE_AUTORELEASING = YES;
				CLANG_WARN_BOOL_CONVERSION = YES;
				CLANG_WARN_COMMA = YES;
				CLANG_WARN_CONSTANT_CONVERSION = YES;
				CLANG_WARN_DEPRECATED_OBJC_IMPLEMENTATIONS = YES;
				CLANG_WARN_DIRECT_OBJC_ISA_USAGE = YES_ERROR;
				CLANG_WARN_DOCUMENTATION_COMMENTS = YES;
				CLANG_WARN_EMPTY_BODY = YES;
				CLANG_WARN_ENUM_CONVERSION = YES;
				CLANG_WARN_INFINITE_RECURSION = YES;
				CLANG_WARN_INT_CONVERSION = YES;
				CLANG_WARN_NON_LITERAL_NULL_CONVERSION = YES;
				CLANG_WARN_OBJC_IMPLICIT_RETAIN_SELF = YES;
				CLANG_WARN_OBJC_LITERAL_CONVERSION = YES;
				CLANG_WARN_OBJC_ROOT_CLASS = YES_ERROR;
				CLANG_WARN_QUOTED_INCLUDE_IN_FRAMEWORK_HEADER = YES;
				CLANG_WARN_RANGE_LOOP_ANALYSIS = YES;
				CLANG_WARN_STRICT_PROTOTYPES = YES;
				CLANG_WARN_SUSPICIOUS_MOVE = YES;
				CLANG_WARN_UNGUARDED_AVAILABILITY = YES_AGGRESSIVE;
				CLANG_WARN_UNREACHABLE_CODE = YES;
				CLANG_WARN__DUPLICATE_METHOD_MATCH = YES;
				COPY_PHASE_STRIP = NO;
				DEBUG_INFORMATION_FORMAT = "dwarf-with-dsym";
				ENABLE_NS_ASSERTIONS = NO;
				ENABLE_STRICT_OBJC_MSGSEND = YES;
				ENABLE_USER_SCRIPT_SANDBOXING = YES;
				GCC_C_LANGUAGE_STANDARD = gnu17;
				GCC_NO_COMMON_BLOCKS = YES;
				GCC_WARN_64_TO_32_BIT_CONVERSION = YES;
				GCC_WARN_ABOUT_RETURN_TYPE = YES_ERROR;
				GCC_WARN_UNDECLARED_SELECTOR = YES;
				GCC_WARN_UNINITIALIZED_AUTOS = YES_AGGRESSIVE;
				GCC_WARN_UNUSED_FUNCTION = YES;
				GCC_WARN_UNUSED_VARIABLE = YES;
				IPHONEOS_DEPLOYMENT_TARGET = 17.4;
				LOCALIZATION_PREFERS_STRING_CATALOGS = YES;
				MTL_ENABLE_DEBUG_INFO = NO;
				MTL_FAST_MATH = YES;
				SDKROOT = iphoneos;
				SWIFT_COMPILATION_MODE = wholemodule;
				VALIDATE_PRODUCT = YES;
			};
			name = Release;
		};
		48010D092BC5856C00A8468C /* Debug */ = {
			isa = XCBuildConfiguration;
			buildSettings = {
				ASSETCATALOG_COMPILER_APPICON_NAME = AppIcon;
				ASSETCATALOG_COMPILER_GLOBAL_ACCENT_COLOR_NAME = AccentColor;
				CODE_SIGN_STYLE = Automatic;
				CURRENT_PROJECT_VERSION = 1;
				DEVELOPMENT_ASSET_PATHS = "\"Example/Preview Content\"";
				DEVELOPMENT_TEAM = 33E63Z3P7B;
				ENABLE_PREVIEWS = YES;
				GENERATE_INFOPLIST_FILE = YES;
				INFOPLIST_KEY_UIApplicationSceneManifest_Generation = YES;
				INFOPLIST_KEY_UIApplicationSupportsIndirectInputEvents = YES;
				INFOPLIST_KEY_UILaunchScreen_Generation = YES;
				INFOPLIST_KEY_UISupportedInterfaceOrientations_iPad = "UIInterfaceOrientationPortrait UIInterfaceOrientationPortraitUpsideDown UIInterfaceOrientationLandscapeLeft UIInterfaceOrientationLandscapeRight";
				INFOPLIST_KEY_UISupportedInterfaceOrientations_iPhone = "UIInterfaceOrientationPortrait UIInterfaceOrientationLandscapeLeft UIInterfaceOrientationLandscapeRight";
				LD_RUNPATH_SEARCH_PATHS = (
					"$(inherited)",
					"@executable_path/Frameworks",
				);
				MARKETING_VERSION = 1.0;
				PRODUCT_BUNDLE_IDENTIFIER = me.charlick.audiobookshelfkit.Example;
				PRODUCT_NAME = "$(TARGET_NAME)";
				SWIFT_EMIT_LOC_STRINGS = YES;
				SWIFT_VERSION = 5.0;
				TARGETED_DEVICE_FAMILY = "1,2";
			};
			name = Debug;
		};
		48010D0A2BC5856C00A8468C /* Release */ = {
			isa = XCBuildConfiguration;
			buildSettings = {
				ASSETCATALOG_COMPILER_APPICON_NAME = AppIcon;
				ASSETCATALOG_COMPILER_GLOBAL_ACCENT_COLOR_NAME = AccentColor;
				CODE_SIGN_STYLE = Automatic;
				CURRENT_PROJECT_VERSION = 1;
				DEVELOPMENT_ASSET_PATHS = "\"Example/Preview Content\"";
				DEVELOPMENT_TEAM = 33E63Z3P7B;
				ENABLE_PREVIEWS = YES;
				GENERATE_INFOPLIST_FILE = YES;
				INFOPLIST_KEY_UIApplicationSceneManifest_Generation = YES;
				INFOPLIST_KEY_UIApplicationSupportsIndirectInputEvents = YES;
				INFOPLIST_KEY_UILaunchScreen_Generation = YES;
				INFOPLIST_KEY_UISupportedInterfaceOrientations_iPad = "UIInterfaceOrientationPortrait UIInterfaceOrientationPortraitUpsideDown UIInterfaceOrientationLandscapeLeft UIInterfaceOrientationLandscapeRight";
				INFOPLIST_KEY_UISupportedInterfaceOrientations_iPhone = "UIInterfaceOrientationPortrait UIInterfaceOrientationLandscapeLeft UIInterfaceOrientationLandscapeRight";
				LD_RUNPATH_SEARCH_PATHS = (
					"$(inherited)",
					"@executable_path/Frameworks",
				);
				MARKETING_VERSION = 1.0;
				PRODUCT_BUNDLE_IDENTIFIER = me.charlick.audiobookshelfkit.Example;
				PRODUCT_NAME = "$(TARGET_NAME)";
				SWIFT_EMIT_LOC_STRINGS = YES;
				SWIFT_VERSION = 5.0;
				TARGETED_DEVICE_FAMILY = "1,2";
			};
			name = Release;
		};
/* End XCBuildConfiguration section */

/* Begin XCConfigurationList section */
		48010CF52BC5856B00A8468C /* Build configuration list for PBXProject "Example" */ = {
			isa = XCConfigurationList;
			buildConfigurations = (
				48010D062BC5856C00A8468C /* Debug */,
				48010D072BC5856C00A8468C /* Release */,
			);
			defaultConfigurationIsVisible = 0;
			defaultConfigurationName = Release;
		};
		48010D082BC5856C00A8468C /* Build configuration list for PBXNativeTarget "Example" */ = {
			isa = XCConfigurationList;
			buildConfigurations = (
				48010D092BC5856C00A8468C /* Debug */,
				48010D0A2BC5856C00A8468C /* Release */,
			);
			defaultConfigurationIsVisible = 0;
			defaultConfigurationName = Release;
		};
/* End XCConfigurationList section */

/* Begin XCSwiftPackageProductDependency section */
		48D6E9C92BC58BEB00DC58FD /* ExamplePackage */ = {
			isa = XCSwiftPackageProductDependency;
			productName = ExamplePackage;
		};
/* End XCSwiftPackageProductDependency section */
	};
	rootObject = 48010CF22BC5856B00A8468C /* Project object */;
}
